
Microsoft Visual Studio Solution File, Format Version 12.00
# Visual Studio 2013
VisualStudioVersion = 12.0.31101.0
MinimumVisualStudioVersion = 10.0.40219.1
Project("{FAE04EC0-301F-11D3-BF4B-00C04F79EFBC}") = "AdvDevTeam.HiraTxtToSql.ConsoleApp", "AdvDevTeam.HiraTxtToSql.ConsoleApp\AdvDevTeam.HiraTxtToSql.ConsoleApp.csproj", "{60292336-966D-42C9-B000-CCE38B416F4C}"
EndProject
Project("{FAE04EC0-301F-11D3-BF4B-00C04F79EFBC}") = "AdvDevTeam.HiraTxtToSql.Core", "AdvDevTeam.HiraTxtToSql.Core\AdvDevTeam.HiraTxtToSql.Core.csproj", "{05007F24-C13E-4153-9D4B-E387A461FA15}"
EndProject
Global
	GlobalSection(SolutionConfigurationPlatforms) = preSolution
		Debug|Any CPU = Debug|Any CPU
		Release|Any CPU = Release|Any CPU
	EndGlobalSection
	GlobalSection(ProjectConfigurationPlatforms) = postSolution
		{60292336-966D-42C9-B000-CCE38B416F4C}.Debug|Any CPU.ActiveCfg = Debug|Any CPU
		{60292336-966D-42C9-B000-CCE38B416F4C}.Debug|Any CPU.Build.0 = Debug|Any CPU
		{60292336-966D-42C9-B000-CCE38B416F4C}.Release|Any CPU.ActiveCfg = Release|Any CPU
		{60292336-966D-42C9-B000-CCE38B416F4C}.Release|Any CPU.Build.0 = Release|Any CPU
		{05007F24-C13E-4153-9D4B-E387A461FA15}.Debug|Any CPU.ActiveCfg = Debug|Any CPU
		{05007F24-C13E-4153-9D4B-E387A461FA15}.Debug|Any CPU.Build.0 = Debug|Any CPU
		{05007F24-C13E-4153-9D4B-E387A461FA15}.Release|Any CPU.ActiveCfg = Release|Any CPU
		{05007F24-C13E-4153-9D4B-E387A461FA15}.Release|Any CPU.Build.0 = Release|Any CPU
	EndGlobalSection
	GlobalSection(SolutionProperties) = preSolution
		HideSolutionNode = FALSE
	EndGlobalSection
EndGlobal
